
Microsoft Visual Studio Solution File, Format Version 12.00
# Visual Studio Version 17
VisualStudioVersion = 17.14.36221.1
MinimumVisualStudioVersion = 10.0.40219.1
Project("{FAE04EC0-301F-11D3-BF4B-00C04F79EFBC}") = "ChessBot.Model", "ChessBot.Model\ChessBot.Model.csproj", "{6FF6695F-1E4B-4D82-80BC-6C59D2046F71}"
EndProject
Project("{FAE04EC0-301F-11D3-BF4B-00C04F79EFBC}") = "ChessBot.ViewModel", "ChessBot.ViewModel\ChessBot.ViewModel.csproj", "{1E8168D5-78EC-4625-8C8B-7DE0FE977E80}"
	ProjectSection(ProjectDependencies) = postProject
		{6FF6695F-1E4B-4D82-80BC-6C59D2046F71} = {6FF6695F-1E4B-4D82-80BC-6C59D2046F71}
	EndProjectSection
EndProject
Project("{FAE04EC0-301F-11D3-BF4B-00C04F79EFBC}") = "ChessBot.View", "ChessBot.View\ChessBot.View.csproj", "{7E7426A4-FC55-430F-90E1-F13B8FC21632}"
	ProjectSection(ProjectDependencies) = postProject
		{1E8168D5-78EC-4625-8C8B-7DE0FE977E80} = {1E8168D5-78EC-4625-8C8B-7DE0FE977E80}
		{6FF6695F-1E4B-4D82-80BC-6C59D2046F71} = {6FF6695F-1E4B-4D82-80BC-6C59D2046F71}
	EndProjectSection
EndProject
Global
	GlobalSection(SolutionConfigurationPlatforms) = preSolution
		Debug|Any CPU = Debug|Any CPU
		Release|Any CPU = Release|Any CPU
	EndGlobalSection
	GlobalSection(ProjectConfigurationPlatforms) = postSolution
		{6FF6695F-1E4B-4D82-80BC-6C59D2046F71}.Debug|Any CPU.ActiveCfg = Debug|Any CPU
		{6FF6695F-1E4B-4D82-80BC-6C59D2046F71}.Debug|Any CPU.Build.0 = Debug|Any CPU
		{6FF6695F-1E4B-4D82-80BC-6C59D2046F71}.Release|Any CPU.ActiveCfg = Release|Any CPU
		{6FF6695F-1E4B-4D82-80BC-6C59D2046F71}.Release|Any CPU.Build.0 = Release|Any CPU
		{1E8168D5-78EC-4625-8C8B-7DE0FE977E80}.Debug|Any CPU.ActiveCfg = Debug|Any CPU
		{1E8168D5-78EC-4625-8C8B-7DE0FE977E80}.Debug|Any CPU.Build.0 = Debug|Any CPU
		{1E8168D5-78EC-4625-8C8B-7DE0FE977E80}.Release|Any CPU.ActiveCfg = Release|Any CPU
		{1E8168D5-78EC-4625-8C8B-7DE0FE977E80}.Release|Any CPU.Build.0 = Release|Any CPU
		{7E7426A4-FC55-430F-90E1-F13B8FC21632}.Debug|Any CPU.ActiveCfg = Debug|Any CPU
		{7E7426A4-FC55-430F-90E1-F13B8FC21632}.Debug|Any CPU.Build.0 = Debug|Any CPU
		{7E7426A4-FC55-430F-90E1-F13B8FC21632}.Release|Any CPU.ActiveCfg = Release|Any CPU
		{7E7426A4-FC55-430F-90E1-F13B8FC21632}.Release|Any CPU.Build.0 = Release|Any CPU
	EndGlobalSection
	GlobalSection(SolutionProperties) = preSolution
		HideSolutionNode = FALSE
	EndGlobalSection
	GlobalSection(ExtensibilityGlobals) = postSolution
		SolutionGuid = {9937FC6F-04A5-4A84-A2CA-A998CFE1F27A}
	EndGlobalSection
EndGlobal
